
Microsoft Visual Studio Solution File, Format Version 12.00
# Visual Studio Version 17
VisualStudioVersion = 17.3.32825.248
MinimumVisualStudioVersion = 10.0.40219.1
Project("{FAE04EC0-301F-11D3-BF4B-00C04F79EFBC}") = "Prueba 1.1", "Prueba 1.1\Prueba 1.1.csproj", "{92263C4E-0F8A-4C53-868A-FA65F96CE79D}"
EndProject
Global
	GlobalSection(SolutionConfigurationPlatforms) = preSolution
		Debug|Any CPU = Debug|Any CPU
		Release|Any CPU = Release|Any CPU
	EndGlobalSection
	GlobalSection(ProjectConfigurationPlatforms) = postSolution
		{92263C4E-0F8A-4C53-868A-FA65F96CE79D}.Debug|Any CPU.ActiveCfg = Debug|Any CPU
		{92263C4E-0F8A-4C53-868A-FA65F96CE79D}.Debug|Any CPU.Build.0 = Debug|Any CPU
		{92263C4E-0F8A-4C53-868A-FA65F96CE79D}.Release|Any CPU.ActiveCfg = Release|Any CPU
		{92263C4E-0F8A-4C53-868A-FA65F96CE79D}.Release|Any CPU.Build.0 = Release|Any CPU
	EndGlobalSection
	GlobalSection(SolutionProperties) = preSolution
		HideSolutionNode = FALSE
	EndGlobalSection
	GlobalSection(ExtensibilityGlobals) = postSolution
		SolutionGuid = {8E93601B-5117-4657-ADE2-B6E09389431A}
	EndGlobalSection
EndGlobal
